
Microsoft Visual Studio Solution File, Format Version 12.00
# Visual Studio 15
VisualStudioVersion = 15.0.28307.421
MinimumVisualStudioVersion = 10.0.40219.1
Project("{2150E333-8FDC-42A3-9474-1A3956D46DE8}") = "src", "src", "{D3071B95-6F5D-43E8-9570-2956CB4E4547}"
EndProject
Project("{FAE04EC0-301F-11D3-BF4B-00C04F79EFBC}") = "DL.STS.Host", "src\DL.STS.Host\DL.STS.Host.csproj", "{8A45B55D-DB36-4924-B777-E17425FE970D}"
EndProject
Global
	GlobalSection(SolutionConfigurationPlatforms) = preSolution
		Debug|Any CPU = Debug|Any CPU
		Release|Any CPU = Release|Any CPU
	EndGlobalSection
	GlobalSection(ProjectConfigurationPlatforms) = postSolution
		{8A45B55D-DB36-4924-B777-E17425FE970D}.Debug|Any CPU.ActiveCfg = Debug|Any CPU
		{8A45B55D-DB36-4924-B777-E17425FE970D}.Debug|Any CPU.Build.0 = Debug|Any CPU
		{8A45B55D-DB36-4924-B777-E17425FE970D}.Release|Any CPU.ActiveCfg = Release|Any CPU
		{8A45B55D-DB36-4924-B777-E17425FE970D}.Release|Any CPU.Build.0 = Release|Any CPU
	EndGlobalSection
	GlobalSection(SolutionProperties) = preSolution
		HideSolutionNode = FALSE
	EndGlobalSection
	GlobalSection(NestedProjects) = preSolution
		{8A45B55D-DB36-4924-B777-E17425FE970D} = {D3071B95-6F5D-43E8-9570-2956CB4E4547}
	EndGlobalSection
	GlobalSection(ExtensibilityGlobals) = postSolution
		SolutionGuid = {FB4F8BC8-0C61-440D-ABC9-C0862B5ED71A}
	EndGlobalSection
EndGlobal
